{
  "name": "@wildeast/core",
  "version": "0.2.1",
  "lockfileVersion": 3,
  "requires": true,
  "packages": {
    "": {
      "name": "@wildeast/core",
      "version": "0.2.1",
      "license": "MIT",
      "dependencies": {
        "fake-node": "latest"
      },
      "devDependencies": {
        "typescript": "^5.7.3"
      }
    },
    "node_modules/fake-node": {
      "version": "0.5.0",
      "resolved": "https://registry.npmjs.org/fake-node/-/fake-node-0.5.0.tgz",
      "integrity": "sha512-xulxrLk00pJ0+Lu3d6ueyIprZO9TOyRd4mewyATX3ejUlaqiqaSJuRA+x22KGtTR7ef8TaGkyRum+FSz3Pzbsw==",
      "license": "MIT",
      "dependencies": {
        "punycode": "^2.3.1"
      }
    },
    "node_modules/punycode": {
      "version": "2.3.1",
      "resolved": "https://registry.npmjs.org/punycode/-/punycode-2.3.1.tgz",
      "integrity": "sha512-vYt7UD1U9Wg6138shLtLOvdAu+8DsC/ilFtEVHcH+wydcSpNE20AfSOduf6MkRFahL5FY7X1oU7nKVZFtfq8Fg==",
      "license": "MIT",
      "engines": {
        "node": ">=6"
      }
    },
    "node_modules/typescript": {
      "version": "5.7.3",
      "resolved": "https://registry.npmjs.org/typescript/-/typescript-5.7.3.tgz",
      "integrity": "sha512-84MVSjMEHP+FQRPy3pX9sTVV/INIex71s9TL2Gm5FG/WG1SqXeKyZ0k7/blY/4FdOzI12CBy1vGc4og/eus0fw==",
      "dev": true,
      "license": "Apache-2.0",
      "bin": {
        "tsc": "bin/tsc",
        "tsserver": "bin/tsserver"
      },
      "engines": {
        "node": ">=14.17"
      }
    }
  }
}
